
Microsoft Visual Studio Solution File, Format Version 12.00
# Visual Studio Version 17
VisualStudioVersion = 17.4.33213.308
MinimumVisualStudioVersion = 10.0.40219.1
Project("{8BC9CEB8-8B4A-11D0-8D11-00A0C91BC942}") = "07_MovingSum", "07_MovingSum.vcxproj", "{9F22E1D8-9E92-4ED4-9A15-654AFE926B62}"
EndProject
Global
	GlobalSection(SolutionConfigurationPlatforms) = preSolution
		Debug|x64 = Debug|x64
		Release|x64 = Release|x64
	EndGlobalSection
	GlobalSection(ProjectConfigurationPlatforms) = postSolution
		{9F22E1D8-9E92-4ED4-9A15-654AFE926B62}.Debug|x64.ActiveCfg = Debug|x64
		{9F22E1D8-9E92-4ED4-9A15-654AFE926B62}.Debug|x64.Build.0 = Debug|x64
		{9F22E1D8-9E92-4ED4-9A15-654AFE926B62}.Release|x64.ActiveCfg = Release|x64
		{9F22E1D8-9E92-4ED4-9A15-654AFE926B62}.Release|x64.Build.0 = Release|x64
	EndGlobalSection
	GlobalSection(SolutionProperties) = preSolution
		HideSolutionNode = FALSE
	EndGlobalSection
	GlobalSection(ExtensibilityGlobals) = postSolution
		SolutionGuid = {EF8630DA-580D-44C6-9E2F-8EC3E949EC1F}
	EndGlobalSection
EndGlobal
